// !$*UTF8*$!
{
	archiveVersion = 1;
	classes = {
	};
	objectVersion = 56;
	objects = {

/* Begin PBXBuildFile section */
		C020DCC929A06746002596E5 /* LandingPageView.swift in Sources */ = {isa = PBXBuildFile; fileRef = C020DCC829A06746002596E5 /* LandingPageView.swift */; };
		C020DCCB29A06782002596E5 /* SettingsView.swift in Sources */ = {isa = PBXBuildFile; fileRef = C020DCCA29A06782002596E5 /* SettingsView.swift */; };
		C02AB2032B9AA6A1005354D0 /* Extentions.swift in Sources */ = {isa = PBXBuildFile; fileRef = C02AB2022B9AA6A1005354D0 /* Extentions.swift */; };
		C03C6A74297F9713009937EC /* OpeningsApp.swift in Sources */ = {isa = PBXBuildFile; fileRef = C03C6A73297F9713009937EC /* OpeningsApp.swift */; };
		C03C6A76297F9713009937EC /* ContentView.swift in Sources */ = {isa = PBXBuildFile; fileRef = C03C6A75297F9713009937EC /* ContentView.swift */; };
		C03C6A78297F9715009937EC /* Assets.xcassets in Resources */ = {isa = PBXBuildFile; fileRef = C03C6A77297F9715009937EC /* Assets.xcassets */; };
		C03C6A7B297F9715009937EC /* Preview Assets.xcassets in Resources */ = {isa = PBXBuildFile; fileRef = C03C6A7A297F9715009937EC /* Preview Assets.xcassets */; };
		C03C6A8829808188009937EC /* Structs.swift in Sources */ = {isa = PBXBuildFile; fileRef = C03C6A8729808188009937EC /* Structs.swift */; };
		C03C6A8A2980EA32009937EC /* BoardView.swift in Sources */ = {isa = PBXBuildFile; fileRef = C03C6A892980EA32009937EC /* BoardView.swift */; };
		C03C6A8C29818BAB009937EC /* CellView.swift in Sources */ = {isa = PBXBuildFile; fileRef = C03C6A8B29818BAB009937EC /* CellView.swift */; };
		C03C6A8E2981905E009937EC /* LearnView.swift in Sources */ = {isa = PBXBuildFile; fileRef = C03C6A8D2981905E009937EC /* LearnView.swift */; };
		C048E07C29BEA048004932A1 /* PracticeView.swift in Sources */ = {isa = PBXBuildFile; fileRef = C048E07B29BEA048004932A1 /* PracticeView.swift */; };
		C064D4AB2BD6B4EC0086D4F6 /* Banner.swift in Sources */ = {isa = PBXBuildFile; fileRef = C064D4AA2BD6B4EC0086D4F6 /* Banner.swift */; };
		C089E9C0298AE21300398FE6 /* OpeningListView.swift in Sources */ = {isa = PBXBuildFile; fileRef = C089E9BF298AE21300398FE6 /* OpeningListView.swift */; };
		C089E9C2298AE29300398FE6 /* Model.swift in Sources */ = {isa = PBXBuildFile; fileRef = C089E9C1298AE29300398FE6 /* Model.swift */; };
		C0B752272B45F5980083215F /* InfoView.swift in Sources */ = {isa = PBXBuildFile; fileRef = C0B752262B45F5980083215F /* InfoView.swift */; };
		C0E4D42E2B138746006DD413 /* ContactViewModel.swift in Sources */ = {isa = PBXBuildFile; fileRef = C0E4D42D2B138746006DD413 /* ContactViewModel.swift */; };
		C0E4D4302B14F83E006DD413 /* ContactView.swift in Sources */ = {isa = PBXBuildFile; fileRef = C0E4D42F2B14F83E006DD413 /* ContactView.swift */; };
		C0FBB06D2B2A4AC9003A6D43 /* PracticeViewModel.swift in Sources */ = {isa = PBXBuildFile; fileRef = C0FBB06C2B2A4AC9003A6D43 /* PracticeViewModel.swift */; };
		C0FBB06F2B2AB6C1003A6D43 /* move.mp3 in Resources */ = {isa = PBXBuildFile; fileRef = C0FBB06E2B2AB6C1003A6D43 /* move.mp3 */; };
/* End PBXBuildFile section */

/* Begin PBXFileReference section */
		C020DCC829A06746002596E5 /* LandingPageView.swift */ = {isa = PBXFileReference; lastKnownFileType = sourcecode.swift; path = LandingPageView.swift; sourceTree = "<group>"; };
		C020DCCA29A06782002596E5 /* SettingsView.swift */ = {isa = PBXFileReference; lastKnownFileType = sourcecode.swift; path = SettingsView.swift; sourceTree = "<group>"; };
		C02AB2022B9AA6A1005354D0 /* Extentions.swift */ = {isa = PBXFileReference; lastKnownFileType = sourcecode.swift; path = Extentions.swift; sourceTree = "<group>"; };
		C03C6A70297F9713009937EC /* Openings.app */ = {isa = PBXFileReference; explicitFileType = wrapper.application; includeInIndex = 0; path = Openings.app; sourceTree = BUILT_PRODUCTS_DIR; };
		C03C6A73297F9713009937EC /* OpeningsApp.swift */ = {isa = PBXFileReference; lastKnownFileType = sourcecode.swift; path = OpeningsApp.swift; sourceTree = "<group>"; };
		C03C6A75297F9713009937EC /* ContentView.swift */ = {isa = PBXFileReference; lastKnownFileType = sourcecode.swift; path = ContentView.swift; sourceTree = "<group>"; };
		C03C6A77297F9715009937EC /* Assets.xcassets */ = {isa = PBXFileReference; lastKnownFileType = folder.assetcatalog; path = Assets.xcassets; sourceTree = "<group>"; };
		C03C6A7A297F9715009937EC /* Preview Assets.xcassets */ = {isa = PBXFileReference; lastKnownFileType = folder.assetcatalog; path = "Preview Assets.xcassets"; sourceTree = "<group>"; };
		C03C6A8729808188009937EC /* Structs.swift */ = {isa = PBXFileReference; lastKnownFileType = sourcecode.swift; path = Structs.swift; sourceTree = "<group>"; };
		C03C6A892980EA32009937EC /* BoardView.swift */ = {isa = PBXFileReference; lastKnownFileType = sourcecode.swift; path = BoardView.swift; sourceTree = "<group>"; };
		C03C6A8B29818BAB009937EC /* CellView.swift */ = {isa = PBXFileReference; lastKnownFileType = sourcecode.swift; path = CellView.swift; sourceTree = "<group>"; };
		C03C6A8D2981905E009937EC /* LearnView.swift */ = {isa = PBXFileReference; lastKnownFileType = sourcecode.swift; path = LearnView.swift; sourceTree = "<group>"; };
		C048E07B29BEA048004932A1 /* PracticeView.swift */ = {isa = PBXFileReference; lastKnownFileType = sourcecode.swift; path = PracticeView.swift; sourceTree = "<group>"; };
		C064D4AA2BD6B4EC0086D4F6 /* Banner.swift */ = {isa = PBXFileReference; lastKnownFileType = sourcecode.swift; path = Banner.swift; sourceTree = "<group>"; };
		C089E9BF298AE21300398FE6 /* OpeningListView.swift */ = {isa = PBXFileReference; lastKnownFileType = sourcecode.swift; path = OpeningListView.swift; sourceTree = "<group>"; };
		C089E9C1298AE29300398FE6 /* Model.swift */ = {isa = PBXFileReference; lastKnownFileType = sourcecode.swift; path = Model.swift; sourceTree = "<group>"; };
		C0B752262B45F5980083215F /* InfoView.swift */ = {isa = PBXFileReference; lastKnownFileType = sourcecode.swift; path = InfoView.swift; sourceTree = "<group>"; };
		C0E4D42D2B138746006DD413 /* ContactViewModel.swift */ = {isa = PBXFileReference; lastKnownFileType = sourcecode.swift; path = ContactViewModel.swift; sourceTree = "<group>"; };
		C0E4D42F2B14F83E006DD413 /* ContactView.swift */ = {isa = PBXFileReference; lastKnownFileType = sourcecode.swift; path = ContactView.swift; sourceTree = "<group>"; };
		C0FBB06C2B2A4AC9003A6D43 /* PracticeViewModel.swift */ = {isa = PBXFileReference; lastKnownFileType = sourcecode.swift; path = PracticeViewModel.swift; sourceTree = "<group>"; };
		C0FBB06E2B2AB6C1003A6D43 /* move.mp3 */ = {isa = PBXFileReference; lastKnownFileType = audio.mp3; path = move.mp3; sourceTree = "<group>"; };
/* End PBXFileReference section */

/* Begin PBXFrameworksBuildPhase section */
		C03C6A6D297F9712009937EC /* Frameworks */ = {
			isa = PBXFrameworksBuildPhase;
			buildActionMask = 2147483647;
			files = (
			);
			runOnlyForDeploymentPostprocessing = 0;
		};
/* End PBXFrameworksBuildPhase section */

/* Begin PBXGroup section */
		C03C6A67297F9712009937EC = {
			isa = PBXGroup;
			children = (
				C03C6A72297F9713009937EC /* Openings */,
				C03C6A71297F9713009937EC /* Products */,
			);
			sourceTree = "<group>";
		};
		C03C6A71297F9713009937EC /* Products */ = {
			isa = PBXGroup;
			children = (
				C03C6A70297F9713009937EC /* Openings.app */,
			);
			name = Products;
			sourceTree = "<group>";
		};
		C03C6A72297F9713009937EC /* Openings */ = {
			isa = PBXGroup;
			children = (
				C03C6A73297F9713009937EC /* OpeningsApp.swift */,
				C03C6A75297F9713009937EC /* ContentView.swift */,
				C03C6A83297F9892009937EC /* Models */,
				C03C6A84297F98A5009937EC /* ViewModels */,
				C03C6A81297F9878009937EC /* VIews */,
				C03C6A77297F9715009937EC /* Assets.xcassets */,
				C03C6A79297F9715009937EC /* Preview Content */,
			);
			path = Openings;
			sourceTree = "<group>";
		};
		C03C6A79297F9715009937EC /* Preview Content */ = {
			isa = PBXGroup;
			children = (
				C03C6A7A297F9715009937EC /* Preview Assets.xcassets */,
			);
			path = "Preview Content";
			sourceTree = "<group>";
		};
		C03C6A81297F9878009937EC /* VIews */ = {
			isa = PBXGroup;
			children = (
				C03C6A8D2981905E009937EC /* LearnView.swift */,
				C048E07B29BEA048004932A1 /* PracticeView.swift */,
				C089E9BF298AE21300398FE6 /* OpeningListView.swift */,
				C020DCC829A06746002596E5 /* LandingPageView.swift */,
				C020DCCA29A06782002596E5 /* SettingsView.swift */,
				C03C6A82297F9886009937EC /* HelperViews */,
			);
			path = VIews;
			sourceTree = "<group>";
		};
		C03C6A82297F9886009937EC /* HelperViews */ = {
			isa = PBXGroup;
			children = (
				C03C6A892980EA32009937EC /* BoardView.swift */,
				C0B752262B45F5980083215F /* InfoView.swift */,
				C03C6A8B29818BAB009937EC /* CellView.swift */,
				C0E4D42F2B14F83E006DD413 /* ContactView.swift */,
				C064D4AA2BD6B4EC0086D4F6 /* Banner.swift */,
			);
			path = HelperViews;
			sourceTree = "<group>";
		};
		C03C6A83297F9892009937EC /* Models */ = {
			isa = PBXGroup;
			children = (
				C03C6A8729808188009937EC /* Structs.swift */,
				C02AB2022B9AA6A1005354D0 /* Extentions.swift */,
				C089E9C1298AE29300398FE6 /* Model.swift */,
				C0FBB06E2B2AB6C1003A6D43 /* move.mp3 */,
			);
			path = Models;
			sourceTree = "<group>";
		};
		C03C6A84297F98A5009937EC /* ViewModels */ = {
			isa = PBXGroup;
			children = (
				C0FBB06C2B2A4AC9003A6D43 /* PracticeViewModel.swift */,
				C0E4D42D2B138746006DD413 /* ContactViewModel.swift */,
			);
			path = ViewModels;
			sourceTree = "<group>";
		};
/* End PBXGroup section */

/* Begin PBXNativeTarget section */
		C03C6A6F297F9712009937EC /* Openings */ = {
			isa = PBXNativeTarget;
			buildConfigurationList = C03C6A7E297F9715009937EC /* Build configuration list for PBXNativeTarget "Openings" */;
			buildPhases = (
				C03C6A6C297F9712009937EC /* Sources */,
				C03C6A6D297F9712009937EC /* Frameworks */,
				C03C6A6E297F9712009937EC /* Resources */,
			);
			buildRules = (
			);
			dependencies = (
			);
			name = Openings;
			productName = Openings;
			productReference = C03C6A70297F9713009937EC /* Openings.app */;
			productType = "com.apple.product-type.application";
		};
/* End PBXNativeTarget section */

/* Begin PBXProject section */
		C03C6A68297F9712009937EC /* Project object */ = {
			isa = PBXProject;
			attributes = {
				BuildIndependentTargetsInParallel = 1;
				LastSwiftUpdateCheck = 1400;
				LastUpgradeCheck = 1400;
				TargetAttributes = {
					C03C6A6F297F9712009937EC = {
						CreatedOnToolsVersion = 14.0;
					};
				};
			};
			buildConfigurationList = C03C6A6B297F9712009937EC /* Build configuration list for PBXProject "Openings" */;
			compatibilityVersion = "Xcode 14.0";
			developmentRegion = en;
			hasScannedForEncodings = 0;
			knownRegions = (
				en,
				Base,
			);
			mainGroup = C03C6A67297F9712009937EC;
			productRefGroup = C03C6A71297F9713009937EC /* Products */;
			projectDirPath = "";
			projectRoot = "";
			targets = (
				C03C6A6F297F9712009937EC /* Openings */,
			);
		};
/* End PBXProject section */

/* Begin PBXResourcesBuildPhase section */
		C03C6A6E297F9712009937EC /* Resources */ = {
			isa = PBXResourcesBuildPhase;
			buildActionMask = 2147483647;
			files = (
				C03C6A7B297F9715009937EC /* Preview Assets.xcassets in Resources */,
				C03C6A78297F9715009937EC /* Assets.xcassets in Resources */,
				C0FBB06F2B2AB6C1003A6D43 /* move.mp3 in Resources */,
			);
			runOnlyForDeploymentPostprocessing = 0;
		};
/* End PBXResourcesBuildPhase section */

/* Begin PBXSourcesBuildPhase section */
		C03C6A6C297F9712009937EC /* Sources */ = {
			isa = PBXSourcesBuildPhase;
			buildActionMask = 2147483647;
			files = (
				C089E9C0298AE21300398FE6 /* OpeningListView.swift in Sources */,
				C03C6A8829808188009937EC /* Structs.swift in Sources */,
				C03C6A8E2981905E009937EC /* LearnView.swift in Sources */,
				C0FBB06D2B2A4AC9003A6D43 /* PracticeViewModel.swift in Sources */,
				C03C6A8C29818BAB009937EC /* CellView.swift in Sources */,
				C03C6A8A2980EA32009937EC /* BoardView.swift in Sources */,
				C048E07C29BEA048004932A1 /* PracticeView.swift in Sources */,
				C020DCCB29A06782002596E5 /* SettingsView.swift in Sources */,
				C03C6A76297F9713009937EC /* ContentView.swift in Sources */,
				C0E4D42E2B138746006DD413 /* ContactViewModel.swift in Sources */,
				C03C6A74297F9713009937EC /* OpeningsApp.swift in Sources */,
				C020DCC929A06746002596E5 /* LandingPageView.swift in Sources */,
				C02AB2032B9AA6A1005354D0 /* Extentions.swift in Sources */,
				C0E4D4302B14F83E006DD413 /* ContactView.swift in Sources */,
				C064D4AB2BD6B4EC0086D4F6 /* Banner.swift in Sources */,
				C0B752272B45F5980083215F /* InfoView.swift in Sources */,
				C089E9C2298AE29300398FE6 /* Model.swift in Sources */,
			);
			runOnlyForDeploymentPostprocessing = 0;
		};
/* End PBXSourcesBuildPhase section */

/* Begin XCBuildConfiguration section */
		C03C6A7C297F9715009937EC /* Debug */ = {
			isa = XCBuildConfiguration;
			buildSettings = {
				ALWAYS_SEARCH_USER_PATHS = NO;
				CLANG_ANALYZER_NONNULL = YES;
				CLANG_ANALYZER_NUMBER_OBJECT_CONVERSION = YES_AGGRESSIVE;
				CLANG_CXX_LANGUAGE_STANDARD = "gnu++20";
				CLANG_ENABLE_MODULES = YES;
				CLANG_ENABLE_OBJC_ARC = YES;
				CLANG_ENABLE_OBJC_WEAK = YES;
				CLANG_WARN_BLOCK_CAPTURE_AUTORELEASING = YES;
				CLANG_WARN_BOOL_CONVERSION = YES;
				CLANG_WARN_COMMA = YES;
				CLANG_WARN_CONSTANT_CONVERSION = YES;
				CLANG_WARN_DEPRECATED_OBJC_IMPLEMENTATIONS = YES;
				CLANG_WARN_DIRECT_OBJC_ISA_USAGE = YES_ERROR;
				CLANG_WARN_DOCUMENTATION_COMMENTS = YES;
				CLANG_WARN_EMPTY_BODY = YES;
				CLANG_WARN_ENUM_CONVERSION = YES;
				CLANG_WARN_INFINITE_RECURSION = YES;
				CLANG_WARN_INT_CONVERSION = YES;
				CLANG_WARN_NON_LITERAL_NULL_CONVERSION = YES;
				CLANG_WARN_OBJC_IMPLICIT_RETAIN_SELF = YES;
				CLANG_WARN_OBJC_LITERAL_CONVERSION = YES;
				CLANG_WARN_OBJC_ROOT_CLASS = YES_ERROR;
				CLANG_WARN_QUOTED_INCLUDE_IN_FRAMEWORK_HEADER = YES;
				CLANG_WARN_RANGE_LOOP_ANALYSIS = YES;
				CLANG_WARN_STRICT_PROTOTYPES = YES;
				CLANG_WARN_SUSPICIOUS_MOVE = YES;
				CLANG_WARN_UNGUARDED_AVAILABILITY = YES_AGGRESSIVE;
				CLANG_WARN_UNREACHABLE_CODE = YES;
				CLANG_WARN__DUPLICATE_METHOD_MATCH = YES;
				COPY_PHASE_STRIP = NO;
				DEBUG_INFORMATION_FORMAT = dwarf;
				ENABLE_STRICT_OBJC_MSGSEND = YES;
				ENABLE_TESTABILITY = YES;
				GCC_C_LANGUAGE_STANDARD = gnu11;
				GCC_DYNAMIC_NO_PIC = NO;
				GCC_NO_COMMON_BLOCKS = YES;
				GCC_OPTIMIZATION_LEVEL = 0;
				GCC_PREPROCESSOR_DEFINITIONS = (
					"DEBUG=1",
					"$(inherited)",
				);
				GCC_WARN_64_TO_32_BIT_CONVERSION = YES;
				GCC_WARN_ABOUT_RETURN_TYPE = YES_ERROR;
				GCC_WARN_UNDECLARED_SELECTOR = YES;
				GCC_WARN_UNINITIALIZED_AUTOS = YES_AGGRESSIVE;
				GCC_WARN_UNUSED_FUNCTION = YES;
				GCC_WARN_UNUSED_VARIABLE = YES;
				IPHONEOS_DEPLOYMENT_TARGET = 16.0;
				MTL_ENABLE_DEBUG_INFO = INCLUDE_SOURCE;
				MTL_FAST_MATH = YES;
				ONLY_ACTIVE_ARCH = YES;
				SDKROOT = iphoneos;
				SWIFT_ACTIVE_COMPILATION_CONDITIONS = DEBUG;
				SWIFT_OPTIMIZATION_LEVEL = "-Onone";
			};
			name = Debug;
		};
		C03C6A7D297F9715009937EC /* Release */ = {
			isa = XCBuildConfiguration;
			buildSettings = {
				ALWAYS_SEARCH_USER_PATHS = NO;
				CLANG_ANALYZER_NONNULL = YES;
				CLANG_ANALYZER_NUMBER_OBJECT_CONVERSION = YES_AGGRESSIVE;
				CLANG_CXX_LANGUAGE_STANDARD = "gnu++20";
				CLANG_ENABLE_MODULES = YES;
				CLANG_ENABLE_OBJC_ARC = YES;
				CLANG_ENABLE_OBJC_WEAK = YES;
				CLANG_WARN_BLOCK_CAPTURE_AUTORELEASING = YES;
				CLANG_WARN_BOOL_CONVERSION = YES;
				CLANG_WARN_COMMA = YES;
				CLANG_WARN_CONSTANT_CONVERSION = YES;
				CLANG_WARN_DEPRECATED_OBJC_IMPLEMENTATIONS = YES;
				CLANG_WARN_DIRECT_OBJC_ISA_USAGE = YES_ERROR;
				CLANG_WARN_DOCUMENTATION_COMMENTS = YES;
				CLANG_WARN_EMPTY_BODY = YES;
				CLANG_WARN_ENUM_CONVERSION = YES;
				CLANG_WARN_INFINITE_RECURSION = YES;
				CLANG_WARN_INT_CONVERSION = YES;
				CLANG_WARN_NON_LITERAL_NULL_CONVERSION = YES;
				CLANG_WARN_OBJC_IMPLICIT_RETAIN_SELF = YES;
				CLANG_WARN_OBJC_LITERAL_CONVERSION = YES;
				CLANG_WARN_OBJC_ROOT_CLASS = YES_ERROR;
				CLANG_WARN_QUOTED_INCLUDE_IN_FRAMEWORK_HEADER = YES;
				CLANG_WARN_RANGE_LOOP_ANALYSIS = YES;
				CLANG_WARN_STRICT_PROTOTYPES = YES;
				CLANG_WARN_SUSPICIOUS_MOVE = YES;
				CLANG_WARN_UNGUARDED_AVAILABILITY = YES_AGGRESSIVE;
				CLANG_WARN_UNREACHABLE_CODE = YES;
				CLANG_WARN__DUPLICATE_METHOD_MATCH = YES;
				COPY_PHASE_STRIP = NO;
				DEBUG_INFORMATION_FORMAT = "dwarf-with-dsym";
				ENABLE_NS_ASSERTIONS = NO;
				ENABLE_STRICT_OBJC_MSGSEND = YES;
				GCC_C_LANGUAGE_STANDARD = gnu11;
				GCC_NO_COMMON_BLOCKS = YES;
				GCC_WARN_64_TO_32_BIT_CONVERSION = YES;
				GCC_WARN_ABOUT_RETURN_TYPE = YES_ERROR;
				GCC_WARN_UNDECLARED_SELECTOR = YES;
				GCC_WARN_UNINITIALIZED_AUTOS = YES_AGGRESSIVE;
				GCC_WARN_UNUSED_FUNCTION = YES;
				GCC_WARN_UNUSED_VARIABLE = YES;
				IPHONEOS_DEPLOYMENT_TARGET = 16.0;
				MTL_ENABLE_DEBUG_INFO = NO;
				MTL_FAST_MATH = YES;
				SDKROOT = iphoneos;
				SWIFT_COMPILATION_MODE = wholemodule;
				SWIFT_OPTIMIZATION_LEVEL = "-O";
				VALIDATE_PRODUCT = YES;
			};
			name = Release;
		};
		C03C6A7F297F9715009937EC /* Debug */ = {
			isa = XCBuildConfiguration;
			buildSettings = {
				ASSETCATALOG_COMPILER_APPICON_NAME = AppIcon;
				ASSETCATALOG_COMPILER_GLOBAL_ACCENT_COLOR_NAME = AccentColor;
				CODE_SIGN_STYLE = Automatic;
				CURRENT_PROJECT_VERSION = 1;
				DEVELOPMENT_ASSET_PATHS = "\"Openings/Preview Content\"";
				DEVELOPMENT_TEAM = 6MK7D584YP;
				ENABLE_PREVIEWS = YES;
				GENERATE_INFOPLIST_FILE = YES;
				INFOPLIST_KEY_UIApplicationSceneManifest_Generation = YES;
				INFOPLIST_KEY_UIApplicationSupportsIndirectInputEvents = YES;
				INFOPLIST_KEY_UILaunchScreen_Generation = YES;
				INFOPLIST_KEY_UISupportedInterfaceOrientations_iPad = "UIInterfaceOrientationPortrait UIInterfaceOrientationPortraitUpsideDown UIInterfaceOrientationLandscapeLeft UIInterfaceOrientationLandscapeRight";
				INFOPLIST_KEY_UISupportedInterfaceOrientations_iPhone = "UIInterfaceOrientationPortrait UIInterfaceOrientationLandscapeLeft UIInterfaceOrientationLandscapeRight";
				LD_RUNPATH_SEARCH_PATHS = (
					"$(inherited)",
					"@executable_path/Frameworks",
				);
				MARKETING_VERSION = 1.0;
				PRODUCT_BUNDLE_IDENTIFIER = com.JadenPassero.Openings;
				PRODUCT_NAME = "$(TARGET_NAME)";
				SWIFT_EMIT_LOC_STRINGS = YES;
				SWIFT_VERSION = 5.0;
				TARGETED_DEVICE_FAMILY = "1,2";
			};
			name = Debug;
		};
		C03C6A80297F9715009937EC /* Release */ = {
			isa = XCBuildConfiguration;
			buildSettings = {
				ASSETCATALOG_COMPILER_APPICON_NAME = AppIcon;
				ASSETCATALOG_COMPILER_GLOBAL_ACCENT_COLOR_NAME = AccentColor;
				CODE_SIGN_STYLE = Automatic;
				CURRENT_PROJECT_VERSION = 1;
				DEVELOPMENT_ASSET_PATHS = "\"Openings/Preview Content\"";
				DEVELOPMENT_TEAM = 6MK7D584YP;
				ENABLE_PREVIEWS = YES;
				GENERATE_INFOPLIST_FILE = YES;
				INFOPLIST_KEY_UIApplicationSceneManifest_Generation = YES;
				INFOPLIST_KEY_UIApplicationSupportsIndirectInputEvents = YES;
				INFOPLIST_KEY_UILaunchScreen_Generation = YES;
				INFOPLIST_KEY_UISupportedInterfaceOrientations_iPad = "UIInterfaceOrientationPortrait UIInterfaceOrientationPortraitUpsideDown UIInterfaceOrientationLandscapeLeft UIInterfaceOrientationLandscapeRight";
				INFOPLIST_KEY_UISupportedInterfaceOrientations_iPhone = "UIInterfaceOrientationPortrait UIInterfaceOrientationLandscapeLeft UIInterfaceOrientationLandscapeRight";
				LD_RUNPATH_SEARCH_PATHS = (
					"$(inherited)",
					"@executable_path/Frameworks",
				);
				MARKETING_VERSION = 1.0;
				PRODUCT_BUNDLE_IDENTIFIER = com.JadenPassero.Openings;
				PRODUCT_NAME = "$(TARGET_NAME)";
				SWIFT_EMIT_LOC_STRINGS = YES;
				SWIFT_VERSION = 5.0;
				TARGETED_DEVICE_FAMILY = "1,2";
			};
			name = Release;
		};
/* End XCBuildConfiguration section */

/* Begin XCConfigurationList section */
		C03C6A6B297F9712009937EC /* Build configuration list for PBXProject "Openings" */ = {
			isa = XCConfigurationList;
			buildConfigurations = (
				C03C6A7C297F9715009937EC /* Debug */,
				C03C6A7D297F9715009937EC /* Release */,
			);
			defaultConfigurationIsVisible = 0;
			defaultConfigurationName = Release;
		};
		C03C6A7E297F9715009937EC /* Build configuration list for PBXNativeTarget "Openings" */ = {
			isa = XCConfigurationList;
			buildConfigurations = (
				C03C6A7F297F9715009937EC /* Debug */,
				C03C6A80297F9715009937EC /* Release */,
			);
			defaultConfigurationIsVisible = 0;
			defaultConfigurationName = Release;
		};
/* End XCConfigurationList section */
	};
	rootObject = C03C6A68297F9712009937EC /* Project object */;
}
